<?xml version="1.0" encoding="utf-8"?>
<Project ToolsVersion="4.0" xmlns="http://schemas.microsoft.com/developer/msbuild/2003">
  <ItemGroup>
    <Filter Include="Source Files">
      <UniqueIdentifier>{4FC737F1-C7A5-4376-A066-2A32D752A2FF}</UniqueIdentifier>
      <Extensions>cpp;c;cc;cxx;c++;cppm;ixx;def;odl;idl;hpj;bat;asm;asmx</Extensions>
    </Filter>
    <Filter Include="Header Files">
      <UniqueIdentifier>{93995380-89BD-4b04-88EB-625FBE52EBFB}</UniqueIdentifier>
      <Extensions>h;hh;hpp;hxx;h++;hm;inl;inc;ipp;xsd</Extensions>
    </Filter>
    <Filter Include="Resource Files">
      <UniqueIdentifier>{67DA6AB6-F800-4c08-8B7A-83BB121AAD01}</UniqueIdentifier>
      <Extensions>rc;ico;cur;bmp;dlg;rc2;rct;bin;rgs;gif;jpg;jpeg;jpe;resx;tiff;tif;png;wav;mfcribbon-ms</Extensions>
    </Filter>
  </ItemGroup>
  <ItemGroup>
    <ClInclude Include="..\..\..\..\..\VS\IDE\VC\Tools\MSVC\14.42.34433\include\ammintrin.h">
      <Filter>Header Files</Filter>
    </ClInclude>
    <ClInclude Include="C:\Program Files (x86)\Windows Kits\10\Include\10.0.22621.0\um\apiquery2.h">
      <Filter>Header Files</Filter>
    </ClInclude>
    <ClInclude Include="C:\Program Files (x86)\Windows Kits\10\Include\10.0.22621.0\shared\apiset.h">
      <Filter>Header Files</Filter>
    </ClInclude>
    <ClInclude Include="C:\Program Files (x86)\Windows Kits\10\Include\10.0.22621.0\shared\apisetcconv.h">
      <Filter>Header Files</Filter>
    </ClInclude>
    <ClInclude Include="..\..\..\..\..\VS\IDE\VC\Tools\MSVC\14.42.34433\include\arm_neon.h">
      <Filter>Header Files</Filter>
    </ClInclude>
    <ClInclude Include="..\..\..\..\..\VS\IDE\VC\Tools\MSVC\14.42.34433\include\arm64_neon.h">
      <Filter>Header Files</Filter>
    </ClInclude>
    <ClInclude Include="..\..\..\..\..\VS\IDE\VC\Tools\MSVC\14.42.34433\include\arm64intr.h">
      <Filter>Header Files</Filter>
    </ClInclude>
    <ClInclude Include="..\..\..\..\..\VS\IDE\VC\Tools\MSVC\14.42.34433\include\armintr.h">
      <Filter>Header Files</Filter>
    </ClInclude>
    <ClInclude Include="C:\Program Files (x86)\Windows Kits\10\Include\10.0.22621.0\ucrt\assert.h">
      <Filter>Header Files</Filter>
    </ClInclude>
    <ClInclude Include="C:\Program Files (x86)\Windows Kits\10\Include\10.0.22621.0\shared\basetsd.h">
      <Filter>Header Files</Filter>
    </ClInclude>
    <ClInclude Include="C:\Program Files (x86)\Windows Kits\10\Include\10.0.22621.0\shared\bcrypt.h">
      <Filter>Header Files</Filter>
    </ClInclude>
    <ClInclude Include="C:\Program Files (x86)\Windows Kits\10\Include\10.0.22621.0\shared\cderr.h">
      <Filter>Header Files</Filter>
    </ClInclude>
    <ClInclude Include="C:\Program Files (x86)\Windows Kits\10\Include\10.0.22621.0\um\cguid.h">
      <Filter>Header Files</Filter>
    </ClInclude>
    <ClInclude Include="C:\Program Files (x86)\Windows Kits\10\Include\10.0.22621.0\um\combaseapi.h">
      <Filter>Header Files</Filter>
    </ClInclude>
    <ClInclude Include="C:\Program Files (x86)\Windows Kits\10\Include\10.0.22621.0\um\coml2api.h">
      <Filter>Header Files</Filter>
    </ClInclude>
    <ClInclude Include="C:\Program Files (x86)\Windows Kits\10\Include\10.0.22621.0\um\CommCtrl.h">
      <Filter>Header Files</Filter>
    </ClInclude>
    <ClInclude Include="C:\Program Files (x86)\Windows Kits\10\Include\10.0.22621.0\um\commdlg.h">
      <Filter>Header Files</Filter>
    </ClInclude>
    <ClInclude Include="..\..\..\..\..\VS\IDE\VC\Tools\MSVC\14.42.34433\include\concurrencysal.h">
      <Filter>Header Files</Filter>
    </ClInclude>
    <ClInclude Include="C:\Program Files (x86)\Windows Kits\10\Include\10.0.22621.0\um\consoleapi.h">
      <Filter>Header Files</Filter>
    </ClInclude>
    <ClInclude Include="C:\Program Files (x86)\Windows Kits\10\Include\10.0.22621.0\um\consoleapi2.h">
      <Filter>Header Files</Filter>
    </ClInclude>
    <ClInclude Include="C:\Program Files (x86)\Windows Kits\10\Include\10.0.22621.0\um\consoleapi3.h">
      <Filter>Header Files</Filter>
    </ClInclude>
    <ClInclude Include="C:\Program Files (x86)\Windows Kits\10\Include\10.0.22621.0\ucrt\corecrt.h">
      <Filter>Header Files</Filter>
    </ClInclude>
    <ClInclude Include="C:\Program Files (x86)\Windows Kits\10\Include\10.0.22621.0\ucrt\corecrt_malloc.h">
      <Filter>Header Files</Filter>
    </ClInclude>
    <ClInclude Include="C:\Program Files (x86)\Windows Kits\10\Include\10.0.22621.0\ucrt\corecrt_math.h">
      <Filter>Header Files</Filter>
    </ClInclude>
    <ClInclude Include="C:\Program Files (x86)\Windows Kits\10\Include\10.0.22621.0\ucrt\corecrt_math_defines.h">
      <Filter>Header Files</Filter>
    </ClInclude>
    <ClInclude Include="C:\Program Files (x86)\Windows Kits\10\Include\10.0.22621.0\ucrt\corecrt_memcpy_s.h">
      <Filter>Header Files</Filter>
    </ClInclude>
    <ClInclude Include="C:\Program Files (x86)\Windows Kits\10\Include\10.0.22621.0\ucrt\corecrt_memory.h">
      <Filter>Header Files</Filter>
    </ClInclude>
    <ClInclude Include="C:\Program Files (x86)\Windows Kits\10\Include\10.0.22621.0\ucrt\corecrt_search.h">
      <Filter>Header Files</Filter>
    </ClInclude>
    <ClInclude Include="C:\Program Files (x86)\Windows Kits\10\Include\10.0.22621.0\ucrt\corecrt_share.h">
      <Filter>Header Files</Filter>
    </ClInclude>
    <ClInclude Include="C:\Program Files (x86)\Windows Kits\10\Include\10.0.22621.0\ucrt\corecrt_stdio_config.h">
      <Filter>Header Files</Filter>
    </ClInclude>
    <ClInclude Include="C:\Program Files (x86)\Windows Kits\10\Include\10.0.22621.0\ucrt\corecrt_wconio.h">
      <Filter>Header Files</Filter>
    </ClInclude>
    <ClInclude Include="C:\Program Files (x86)\Windows Kits\10\Include\10.0.22621.0\ucrt\corecrt_wctype.h">
      <Filter>Header Files</Filter>
    </ClInclude>
    <ClInclude Include="C:\Program Files (x86)\Windows Kits\10\Include\10.0.22621.0\ucrt\corecrt_wdirect.h">
      <Filter>Header Files</Filter>
    </ClInclude>
    <ClInclude Include="C:\Program Files (x86)\Windows Kits\10\Include\10.0.22621.0\ucrt\corecrt_wio.h">
      <Filter>Header Files</Filter>
    </ClInclude>
    <ClInclude Include="C:\Program Files (x86)\Windows Kits\10\Include\10.0.22621.0\ucrt\corecrt_wprocess.h">
      <Filter>Header Files</Filter>
    </ClInclude>
    <ClInclude Include="C:\Program Files (x86)\Windows Kits\10\Include\10.0.22621.0\ucrt\corecrt_wstdio.h">
      <Filter>Header Files</Filter>
    </ClInclude>
    <ClInclude Include="C:\Program Files (x86)\Windows Kits\10\Include\10.0.22621.0\ucrt\corecrt_wstdlib.h">
      <Filter>Header Files</Filter>
    </ClInclude>
    <ClInclude Include="C:\Program Files (x86)\Windows Kits\10\Include\10.0.22621.0\ucrt\corecrt_wstring.h">
      <Filter>Header Files</Filter>
    </ClInclude>
    <ClInclude Include="C:\Program Files (x86)\Windows Kits\10\Include\10.0.22621.0\ucrt\corecrt_wtime.h">
      <Filter>Header Files</Filter>
    </ClInclude>
    <ClInclude Include="C:\Program Files (x86)\Windows Kits\10\Include\10.0.22621.0\ucrt\ctype.h">
      <Filter>Header Files</Filter>
    </ClInclude>
    <ClInclude Include="C:\Program Files (x86)\Windows Kits\10\Include\10.0.22621.0\um\d3d10.h">
      <Filter>Header Files</Filter>
    </ClInclude>
    <ClInclude Include="C:\Program Files (x86)\Windows Kits\10\Include\10.0.22621.0\um\d3d10_1.h">
      <Filter>Header Files</Filter>
    </ClInclude>
    <ClInclude Include="C:\Program Files (x86)\Windows Kits\10\Include\10.0.22621.0\um\d3d10_1shader.h">
      <Filter>Header Files</Filter>
    </ClInclude>
    <ClInclude Include="C:\Program Files (x86)\Windows Kits\10\Include\10.0.22621.0\um\d3d10effect.h">
      <Filter>Header Files</Filter>
    </ClInclude>
    <ClInclude Include="C:\Program Files (x86)\Windows Kits\10\Include\10.0.22621.0\um\d3d10misc.h">
      <Filter>Header Files</Filter>
    </ClInclude>
    <ClInclude Include="C:\Program Files (x86)\Windows Kits\10\Include\10.0.22621.0\um\d3d10sdklayers.h">
      <Filter>Header Files</Filter>
    </ClInclude>
    <ClInclude Include="C:\Program Files (x86)\Windows Kits\10\Include\10.0.22621.0\um\d3d10shader.h">
      <Filter>Header Files</Filter>
    </ClInclude>
    <ClInclude Include="C:\Program Files (x86)\Windows Kits\10\Include\10.0.22621.0\um\d3d11shader.h">
      <Filter>Header Files</Filter>
    </ClInclude>
    <ClInclude Include="C:\Program Files (x86)\Windows Kits\10\Include\10.0.22621.0\um\d3d12shader.h">
      <Filter>Header Files</Filter>
    </ClInclude>
    <ClInclude Include="C:\Program Files (x86)\Windows Kits\10\Include\10.0.22621.0\um\d3dcommon.h">
      <Filter>Header Files</Filter>
    </ClInclude>
    <ClInclude Include="C:\Program Files (x86)\Windows Kits\10\Include\10.0.22621.0\um\d3dcompiler.h">
      <Filter>Header Files</Filter>
    </ClInclude>
    <ClInclude Include="C:\Program Files (x86)\Windows Kits\10\Include\10.0.22621.0\um\datetimeapi.h">
      <Filter>Header Files</Filter>
    </ClInclude>
    <ClInclude Include="C:\Program Files (x86)\Windows Kits\10\Include\10.0.22621.0\um\dde.h">
      <Filter>Header Files</Filter>
    </ClInclude>
    <ClInclude Include="C:\Program Files (x86)\Windows Kits\10\Include\10.0.22621.0\um\ddeml.h">
      <Filter>Header Files</Filter>
    </ClInclude>
    <ClInclude Include="C:\Program Files (x86)\Windows Kits\10\Include\10.0.22621.0\um\debugapi.h">
      <Filter>Header Files</Filter>
    </ClInclude>
    <ClInclude Include="C:\Program Files (x86)\Windows Kits\10\Include\10.0.22621.0\um\dlgs.h">
      <Filter>Header Files</Filter>
    </ClInclude>
    <ClInclude Include="C:\Program Files (x86)\Windows Kits\10\Include\10.0.22621.0\um\dpa_dsa.h">
      <Filter>Header Files</Filter>
    </ClInclude>
    <ClInclude Include="C:\Program Files (x86)\Windows Kits\10\Include\10.0.22621.0\um\dpapi.h">
      <Filter>Header Files</Filter>
    </ClInclude>
    <ClInclude Include="C:\Program Files (x86)\Windows Kits\10\Include\10.0.22621.0\shared\driverspecs.h">
      <Filter>Header Files</Filter>
    </ClInclude>
    <ClInclude Include="C:\Program Files (x86)\Windows Kits\10\Include\10.0.22621.0\um\dwmapi.h">
      <Filter>Header Files</Filter>
    </ClInclude>
    <ClInclude Include="C:\Program Files (x86)\Windows Kits\10\Include\10.0.22621.0\shared\dxgi.h">
      <Filter>Header Files</Filter>
    </ClInclude>
    <ClInclude Include="C:\Program Files (x86)\Windows Kits\10\Include\10.0.22621.0\shared\dxgicommon.h">
      <Filter>Header Files</Filter>
    </ClInclude>
    <ClInclude Include="C:\Program Files (x86)\Windows Kits\10\Include\10.0.22621.0\shared\dxgiformat.h">
      <Filter>Header Files</Filter>
    </ClInclude>
    <ClInclude Include="C:\Program Files (x86)\Windows Kits\10\Include\10.0.22621.0\shared\dxgitype.h">
      <Filter>Header Files</Filter>
    </ClInclude>
    <ClInclude Include="..\..\..\..\..\VS\IDE\VC\Tools\MSVC\14.42.34433\include\emmintrin.h">
      <Filter>Header Files</Filter>
    </ClInclude>
    <ClInclude Include="C:\Program Files (x86)\Windows Kits\10\Include\10.0.22621.0\um\enclaveapi.h">
      <Filter>Header Files</Filter>
    </ClInclude>
    <ClInclude Include="C:\Program Files (x86)\Windows Kits\10\Include\10.0.22621.0\um\errhandlingapi.h">
      <Filter>Header Files</Filter>
    </ClInclude>
    <ClInclude Include="C:\Program Files (x86)\Windows Kits\10\Include\10.0.22621.0\ucrt\errno.h">
      <Filter>Header Files</Filter>
    </ClInclude>
    <ClInclude Include="..\..\..\..\..\VS\IDE\VC\Tools\MSVC\14.42.34433\include\excpt.h">
      <Filter>Header Files</Filter>
    </ClInclude>
    <ClInclude Include="C:\Program Files (x86)\Windows Kits\10\Include\10.0.22621.0\um\fibersapi.h">
      <Filter>Header Files</Filter>
    </ClInclude>
    <ClInclude Include="C:\Program Files (x86)\Windows Kits\10\Include\10.0.22621.0\um\fileapi.h">
      <Filter>Header Files</Filter>
    </ClInclude>
    <ClInclude Include="C:\Program Files (x86)\Windows Kits\10\Include\10.0.22621.0\um\fileapifromapp.h">
      <Filter>Header Files</Filter>
    </ClInclude>
    <ClInclude Include="C:\Program Files (x86)\Windows Kits\10\Include\10.0.22621.0\ucrt\float.h">
      <Filter>Header Files</Filter>
    </ClInclude>
    <ClInclude Include="C:\Program Files (x86)\Windows Kits\10\Include\10.0.22621.0\shared\guiddef.h">
      <Filter>Header Files</Filter>
    </ClInclude>
    <ClInclude Include="C:\Program Files (x86)\Windows Kits\10\Include\10.0.22621.0\um\handleapi.h">
      <Filter>Header Files</Filter>
    </ClInclude>
    <ClInclude Include="C:\Program Files (x86)\Windows Kits\10\Include\10.0.22621.0\um\heapapi.h">
      <Filter>Header Files</Filter>
    </ClInclude>
    <ClInclude Include="C:\Program Files (x86)\Windows Kits\10\Include\10.0.22621.0\um\ime_cmodes.h">
      <Filter>Header Files</Filter>
    </ClInclude>
    <ClInclude Include="..\..\..\imgui\misc\freetype\imgui_freetype.h">
      <Filter>Header Files</Filter>
    </ClInclude>
    <ClInclude Include="C:\Program Files (x86)\Windows Kits\10\Include\10.0.22621.0\um\imm.h">
      <Filter>Header Files</Filter>
    </ClInclude>
    <ClInclude Include="..\..\..\..\..\VS\IDE\VC\Tools\MSVC\14.42.34433\include\immintrin.h">
      <Filter>Header Files</Filter>
    </ClInclude>
    <ClInclude Include="C:\Program Files (x86)\Windows Kits\10\Include\10.0.22621.0\shared\inaddr.h">
      <Filter>Header Files</Filter>
    </ClInclude>
    <ClInclude Include="C:\Program Files (x86)\Windows Kits\10\Include\10.0.22621.0\um\interlockedapi.h">
      <Filter>Header Files</Filter>
    </ClInclude>
    <ClInclude Include="..\..\..\..\..\VS\IDE\VC\Tools\MSVC\14.42.34433\include\intrin.h">
      <Filter>Header Files</Filter>
    </ClInclude>
    <ClInclude Include="..\..\..\..\..\VS\IDE\VC\Tools\MSVC\14.42.34433\include\intrin0.inl.h">
      <Filter>Header Files</Filter>
    </ClInclude>
    <ClInclude Include="C:\Program Files (x86)\Windows Kits\10\Include\10.0.22621.0\ucrt\inttypes.h">
      <Filter>Header Files</Filter>
    </ClInclude>
    <ClInclude Include="C:\Program Files (x86)\Windows Kits\10\Include\10.0.22621.0\um\ioapiset.h">
      <Filter>Header Files</Filter>
    </ClInclude>
    <ClInclude Include="C:\Program Files (x86)\Windows Kits\10\Include\10.0.22621.0\um\jobapi.h">
      <Filter>Header Files</Filter>
    </ClInclude>
    <ClInclude Include="C:\Program Files (x86)\Windows Kits\10\Include\10.0.22621.0\um\jobapi2.h">
      <Filter>Header Files</Filter>
    </ClInclude>
    <ClInclude Include="C:\Program Files (x86)\Windows Kits\10\Include\10.0.22621.0\um\joystickapi.h">
      <Filter>Header Files</Filter>
    </ClInclude>
    <ClInclude Include="C:\Program Files (x86)\Windows Kits\10\Include\10.0.22621.0\shared\kernelspecs.h">
      <Filter>Header Files</Filter>
    </ClInclude>
    <ClInclude Include="C:\Program Files (x86)\Windows Kits\10\Include\10.0.22621.0\shared\ktmtypes.h">
      <Filter>Header Files</Filter>
    </ClInclude>
    <ClInclude Include="C:\Program Files (x86)\Windows Kits\10\Include\10.0.22621.0\um\libloaderapi.h">
      <Filter>Header Files</Filter>
    </ClInclude>
    <ClInclude Include="..\..\..\..\..\VS\IDE\VC\Tools\MSVC\14.42.34433\include\limits.h">
      <Filter>Header Files</Filter>
    </ClInclude>
    <ClInclude Include="C:\Program Files (x86)\Windows Kits\10\Include\10.0.22621.0\um\lzexpand.h">
      <Filter>Header Files</Filter>
    </ClInclude>
    <ClInclude Include="C:\Program Files (x86)\Windows Kits\10\Include\10.0.22621.0\ucrt\malloc.h">
      <Filter>Header Files</Filter>
    </ClInclude>
    <ClInclude Include="C:\Program Files (x86)\Windows Kits\10\Include\10.0.22621.0\ucrt\math.h">
      <Filter>Header Files</Filter>
    </ClInclude>
    <ClInclude Include="C:\Program Files (x86)\Windows Kits\10\Include\10.0.22621.0\ucrt\mbstring.h">
      <Filter>Header Files</Filter>
    </ClInclude>
    <ClInclude Include="C:\Program Files (x86)\Windows Kits\10\Include\10.0.22621.0\um\mciapi.h">
      <Filter>Header Files</Filter>
    </ClInclude>
    <ClInclude Include="C:\Program Files (x86)\Windows Kits\10\Include\10.0.22621.0\um\mcx.h">
      <Filter>Header Files</Filter>
    </ClInclude>
    <ClInclude Include="C:\Program Files (x86)\Windows Kits\10\Include\10.0.22621.0\um\memoryapi.h">
      <Filter>Header Files</Filter>
    </ClInclude>
    <ClInclude Include="C:\Program Files (x86)\Windows Kits\10\Include\10.0.22621.0\um\minwinbase.h">
      <Filter>Header Files</Filter>
    </ClInclude>
    <ClInclude Include="C:\Program Files (x86)\Windows Kits\10\Include\10.0.22621.0\shared\minwindef.h">
      <Filter>Header Files</Filter>
    </ClInclude>
    <ClInclude Include="..\..\..\..\..\VS\IDE\VC\Tools\MSVC\14.42.34433\include\mm3dnow.h">
      <Filter>Header Files</Filter>
    </ClInclude>
    <ClInclude Include="C:\Program Files (x86)\Windows Kits\10\Include\10.0.22621.0\um\mmeapi.h">
      <Filter>Header Files</Filter>
    </ClInclude>
    <ClInclude Include="..\..\..\..\..\VS\IDE\VC\Tools\MSVC\14.42.34433\include\mmintrin.h">
      <Filter>Header Files</Filter>
    </ClInclude>
    <ClInclude Include="C:\Program Files (x86)\Windows Kits\10\Include\10.0.22621.0\um\mmiscapi.h">
      <Filter>Header Files</Filter>
    </ClInclude>
    <ClInclude Include="C:\Program Files (x86)\Windows Kits\10\Include\10.0.22621.0\um\mmiscapi2.h">
      <Filter>Header Files</Filter>
    </ClInclude>
    <ClInclude Include="C:\Program Files (x86)\Windows Kits\10\Include\10.0.22621.0\um\mmsyscom.h">
      <Filter>Header Files</Filter>
    </ClInclude>
    <ClInclude Include="C:\Program Files (x86)\Windows Kits\10\Include\10.0.22621.0\um\mmsystem.h">
      <Filter>Header Files</Filter>
    </ClInclude>
    <ClInclude Include="C:\Program Files (x86)\Windows Kits\10\Include\10.0.22621.0\um\msxml.h">
      <Filter>Header Files</Filter>
    </ClInclude>
    <ClInclude Include="C:\Program Files (x86)\Windows Kits\10\Include\10.0.22621.0\um\namedpipeapi.h">
      <Filter>Header Files</Filter>
    </ClInclude>
    <ClInclude Include="C:\Program Files (x86)\Windows Kits\10\Include\10.0.22621.0\um\namespaceapi.h">
      <Filter>Header Files</Filter>
    </ClInclude>
    <ClInclude Include="C:\Program Files (x86)\Windows Kits\10\Include\10.0.22621.0\um\nb30.h">
      <Filter>Header Files</Filter>
    </ClInclude>
    <ClInclude Include="C:\Program Files (x86)\Windows Kits\10\Include\10.0.22621.0\um\ncrypt.h">
      <Filter>Header Files</Filter>
    </ClInclude>
    <ClInclude Include="..\..\..\..\..\VS\IDE\VC\Tools\MSVC\14.42.34433\include\nmmintrin.h">
      <Filter>Header Files</Filter>
    </ClInclude>
    <ClInclude Include="C:\Program Files (x86)\Windows Kits\10\Include\10.0.22621.0\shared\no_sal2.h">
      <Filter>Header Files</Filter>
    </ClInclude>
    <ClInclude Include="C:\Program Files (x86)\Windows Kits\10\Include\10.0.22621.0\um\oaidl.h">
      <Filter>Header Files</Filter>
    </ClInclude>
    <ClInclude Include="C:\Program Files (x86)\Windows Kits\10\Include\10.0.22621.0\um\objbase.h">
      <Filter>Header Files</Filter>
    </ClInclude>
    <ClInclude Include="C:\Program Files (x86)\Windows Kits\10\Include\10.0.22621.0\um\objidl.h">
      <Filter>Header Files</Filter>
    </ClInclude>
    <ClInclude Include="C:\Program Files (x86)\Windows Kits\10\Include\10.0.22621.0\um\objidlbase.h">
      <Filter>Header Files</Filter>
    </ClInclude>
    <ClInclude Include="C:\Program Files (x86)\Windows Kits\10\Include\10.0.22621.0\um\ocidl.h">
      <Filter>Header Files</Filter>
    </ClInclude>
    <ClInclude Include="C:\Program Files (x86)\Windows Kits\10\Include\10.0.22621.0\um\ole.h">
      <Filter>Header Files</Filter>
    </ClInclude>
    <ClInclude Include="C:\Program Files (x86)\Windows Kits\10\Include\10.0.22621.0\um\ole2.h">
      <Filter>Header Files</Filter>
    </ClInclude>
    <ClInclude Include="C:\Program Files (x86)\Windows Kits\10\Include\10.0.22621.0\um\oleauto.h">
      <Filter>Header Files</Filter>
    </ClInclude>
    <ClInclude Include="C:\Program Files (x86)\Windows Kits\10\Include\10.0.22621.0\um\oleidl.h">
      <Filter>Header Files</Filter>
    </ClInclude>
    <ClInclude Include="C:\Program Files (x86)\Windows Kits\10\Include\10.0.22621.0\um\playsoundapi.h">
      <Filter>Header Files</Filter>
    </ClInclude>
    <ClInclude Include="..\..\..\..\..\VS\IDE\VC\Tools\MSVC\14.42.34433\include\pmmintrin.h">
      <Filter>Header Files</Filter>
    </ClInclude>
    <ClInclude Include="C:\Program Files (x86)\Windows Kits\10\Include\10.0.22621.0\shared\poppack.h">
      <Filter>Header Files</Filter>
    </ClInclude>
    <ClInclude Include="C:\Program Files (x86)\Windows Kits\10\Include\10.0.22621.0\um\processenv.h">
      <Filter>Header Files</Filter>
    </ClInclude>
    <ClInclude Include="C:\Program Files (x86)\Windows Kits\10\Include\10.0.22621.0\um\processthreadsapi.h">
      <Filter>Header Files</Filter>
    </ClInclude>
    <ClInclude Include="C:\Program Files (x86)\Windows Kits\10\Include\10.0.22621.0\um\processtopologyapi.h">
      <Filter>Header Files</Filter>
    </ClInclude>
    <ClInclude Include="C:\Program Files (x86)\Windows Kits\10\Include\10.0.22621.0\um\profileapi.h">
      <Filter>Header Files</Filter>
    </ClInclude>
    <ClInclude Include="C:\Program Files (x86)\Windows Kits\10\Include\10.0.22621.0\um\PropIdl.h">
      <Filter>Header Files</Filter>
    </ClInclude>
    <ClInclude Include="C:\Program Files (x86)\Windows Kits\10\Include\10.0.22621.0\um\PropIdlBase.h">
      <Filter>Header Files</Filter>
    </ClInclude>
    <ClInclude Include="C:\Program Files (x86)\Windows Kits\10\Include\10.0.22621.0\um\prsht.h">
      <Filter>Header Files</Filter>
    </ClInclude>
    <ClInclude Include="C:\Program Files (x86)\Windows Kits\10\Include\10.0.22621.0\shared\pshpack1.h">
      <Filter>Header Files</Filter>
    </ClInclude>
    <ClInclude Include="C:\Program Files (x86)\Windows Kits\10\Include\10.0.22621.0\shared\pshpack2.h">
      <Filter>Header Files</Filter>
    </ClInclude>
    <ClInclude Include="C:\Program Files (x86)\Windows Kits\10\Include\10.0.22621.0\shared\pshpack4.h">
      <Filter>Header Files</Filter>
    </ClInclude>
    <ClInclude Include="C:\Program Files (x86)\Windows Kits\10\Include\10.0.22621.0\shared\pshpack8.h">
      <Filter>Header Files</Filter>
    </ClInclude>
    <ClInclude Include="C:\Program Files (x86)\Windows Kits\10\Include\10.0.22621.0\um\realtimeapiset.h">
      <Filter>Header Files</Filter>
    </ClInclude>
    <ClInclude Include="C:\Program Files (x86)\Windows Kits\10\Include\10.0.22621.0\um\reason.h">
      <Filter>Header Files</Filter>
    </ClInclude>
    <ClInclude Include="C:\Program Files (x86)\Windows Kits\10\Include\10.0.22621.0\shared\rpc.h">
      <Filter>Header Files</Filter>
    </ClInclude>
    <ClInclude Include="C:\Program Files (x86)\Windows Kits\10\Include\10.0.22621.0\shared\rpcasync.h">
      <Filter>Header Files</Filter>
    </ClInclude>
    <ClInclude Include="C:\Program Files (x86)\Windows Kits\10\Include\10.0.22621.0\shared\rpcdce.h">
      <Filter>Header Files</Filter>
    </ClInclude>
    <ClInclude Include="C:\Program Files (x86)\Windows Kits\10\Include\10.0.22621.0\shared\rpcdcep.h">
      <Filter>Header Files</Filter>
    </ClInclude>
    <ClInclude Include="C:\Program Files (x86)\Windows Kits\10\Include\10.0.22621.0\shared\rpcndr.h">
      <Filter>Header Files</Filter>
    </ClInclude>
    <ClInclude Include="C:\Program Files (x86)\Windows Kits\10\Include\10.0.22621.0\um\rpcnsi.h">
      <Filter>Header Files</Filter>
    </ClInclude>
    <ClInclude Include="C:\Program Files (x86)\Windows Kits\10\Include\10.0.22621.0\um\rpcnsip.h">
      <Filter>Header Files</Filter>
    </ClInclude>
    <ClInclude Include="C:\Program Files (x86)\Windows Kits\10\Include\10.0.22621.0\shared\rpcnterr.h">
      <Filter>Header Files</Filter>
    </ClInclude>
    <ClInclude Include="C:\Program Files (x86)\Windows Kits\10\Include\10.0.22621.0\shared\rpcsal.h">
      <Filter>Header Files</Filter>
    </ClInclude>
    <ClInclude Include="..\..\..\..\..\VS\IDE\VC\Tools\MSVC\14.42.34433\include\sal.h">
      <Filter>Header Files</Filter>
    </ClInclude>
    <ClInclude Include="C:\Program Files (x86)\Windows Kits\10\Include\10.0.22621.0\um\SCardErr.h">
      <Filter>Header Files</Filter>
    </ClInclude>
    <ClInclude Include="C:\Program Files (x86)\Windows Kits\10\Include\10.0.22621.0\shared\sdkddkver.h">
      <Filter>Header Files</Filter>
    </ClInclude>
    <ClInclude Include="C:\Program Files (x86)\Windows Kits\10\Include\10.0.22621.0\shared\sdv_driverspecs.h">
      <Filter>Header Files</Filter>
    </ClInclude>
    <ClInclude Include="C:\Program Files (x86)\Windows Kits\10\Include\10.0.22621.0\um\securityappcontainer.h">
      <Filter>Header Files</Filter>
    </ClInclude>
    <ClInclude Include="C:\Program Files (x86)\Windows Kits\10\Include\10.0.22621.0\um\securitybaseapi.h">
      <Filter>Header Files</Filter>
    </ClInclude>
    <ClInclude Include="C:\Program Files (x86)\Windows Kits\10\Include\10.0.22621.0\um\servprov.h">
      <Filter>Header Files</Filter>
    </ClInclude>
    <ClInclude Include="..\..\..\..\..\VS\IDE\VC\Tools\MSVC\14.42.34433\include\setjmp.h">
      <Filter>Header Files</Filter>
    </ClInclude>
    <ClInclude Include="..\..\..\..\..\VS\IDE\VC\Tools\MSVC\14.42.34433\include\setjmpex.h">
      <Filter>Header Files</Filter>
    </ClInclude>
    <ClInclude Include="C:\Program Files (x86)\Windows Kits\10\Include\10.0.22621.0\um\shellapi.h">
      <Filter>Header Files</Filter>
    </ClInclude>
    <ClInclude Include="..\..\..\..\..\VS\IDE\VC\Tools\MSVC\14.42.34433\include\smmintrin.h">
      <Filter>Header Files</Filter>
    </ClInclude>
    <ClInclude Include="C:\Program Files (x86)\Windows Kits\10\Include\10.0.22621.0\um\softintrin.h">
      <Filter>Header Files</Filter>
    </ClInclude>
    <ClInclude Include="..\..\..\..\..\VS\IDE\VC\Tools\MSVC\14.42.34433\include\CodeAnalysis\sourceannotations.h">
      <Filter>Header Files</Filter>
    </ClInclude>
    <ClInclude Include="C:\Program Files (x86)\Windows Kits\10\Include\10.0.22621.0\shared\specstrings.h">
      <Filter>Header Files</Filter>
    </ClInclude>
    <ClInclude Include="C:\Program Files (x86)\Windows Kits\10\Include\10.0.22621.0\shared\specstrings_strict.h">
      <Filter>Header Files</Filter>
    </ClInclude>
    <ClInclude Include="C:\Program Files (x86)\Windows Kits\10\Include\10.0.22621.0\shared\specstrings_undef.h">
      <Filter>Header Files</Filter>
    </ClInclude>
    <ClInclude Include="C:\Program Files (x86)\Windows Kits\10\Include\10.0.22621.0\ucrt\sys\stat.h">
      <Filter>Header Files</Filter>
    </ClInclude>
    <ClInclude Include="..\..\..\..\..\VS\IDE\VC\Tools\MSVC\14.42.34433\include\stdarg.h">
      <Filter>Header Files</Filter>
    </ClInclude>
    <ClInclude Include="C:\Program Files (x86)\Windows Kits\10\Include\10.0.22621.0\ucrt\stddef.h">
      <Filter>Header Files</Filter>
    </ClInclude>
    <ClInclude Include="..\..\..\..\..\VS\IDE\VC\Tools\MSVC\14.42.34433\include\stdint.h">
      <Filter>Header Files</Filter>
    </ClInclude>
    <ClInclude Include="C:\Program Files (x86)\Windows Kits\10\Include\10.0.22621.0\ucrt\stdio.h">
      <Filter>Header Files</Filter>
    </ClInclude>
    <ClInclude Include="C:\Program Files (x86)\Windows Kits\10\Include\10.0.22621.0\ucrt\stdlib.h">
      <Filter>Header Files</Filter>
    </ClInclude>
    <ClInclude Include="C:\Program Files (x86)\Windows Kits\10\Include\10.0.22621.0\shared\stralign.h">
      <Filter>Header Files</Filter>
    </ClInclude>
    <ClInclude Include="C:\Program Files (x86)\Windows Kits\10\Include\10.0.22621.0\ucrt\string.h">
      <Filter>Header Files</Filter>
    </ClInclude>
    <ClInclude Include="C:\Program Files (x86)\Windows Kits\10\Include\10.0.22621.0\um\stringapiset.h">
      <Filter>Header Files</Filter>
    </ClInclude>
    <ClInclude Include="C:\Program Files (x86)\Windows Kits\10\Include\10.0.22621.0\um\synchapi.h">
      <Filter>Header Files</Filter>
    </ClInclude>
    <ClInclude Include="C:\Program Files (x86)\Windows Kits\10\Include\10.0.22621.0\um\sysinfoapi.h">
      <Filter>Header Files</Filter>
    </ClInclude>
    <ClInclude Include="C:\Program Files (x86)\Windows Kits\10\Include\10.0.22621.0\um\systemtopologyapi.h">
      <Filter>Header Files</Filter>
    </ClInclude>
    <ClInclude Include="C:\Program Files (x86)\Windows Kits\10\Include\10.0.22621.0\ucrt\tchar.h">
      <Filter>Header Files</Filter>
    </ClInclude>
    <ClInclude Include="C:\Program Files (x86)\Windows Kits\10\Include\10.0.22621.0\um\threadpoolapiset.h">
      <Filter>Header Files</Filter>
    </ClInclude>
    <ClInclude Include="C:\Program Files (x86)\Windows Kits\10\Include\10.0.22621.0\um\threadpoollegacyapiset.h">
      <Filter>Header Files</Filter>
    </ClInclude>
    <ClInclude Include="C:\Program Files (x86)\Windows Kits\10\Include\10.0.22621.0\um\timeapi.h">
      <Filter>Header Files</Filter>
    </ClInclude>
    <ClInclude Include="C:\Program Files (x86)\Windows Kits\10\Include\10.0.22621.0\um\timezoneapi.h">
      <Filter>Header Files</Filter>
    </ClInclude>
    <ClInclude Include="..\..\..\..\..\VS\IDE\VC\Tools\MSVC\14.42.34433\include\tmmintrin.h">
      <Filter>Header Files</Filter>
    </ClInclude>
    <ClInclude Include="C:\Program Files (x86)\Windows Kits\10\Include\10.0.22621.0\shared\tvout.h">
      <Filter>Header Files</Filter>
    </ClInclude>
    <ClInclude Include="C:\Program Files (x86)\Windows Kits\10\Include\10.0.22621.0\ucrt\sys\types.h">
      <Filter>Header Files</Filter>
    </ClInclude>
    <ClInclude Include="C:\Program Files (x86)\Windows Kits\10\Include\10.0.22621.0\um\Unknwn.h">
      <Filter>Header Files</Filter>
    </ClInclude>
    <ClInclude Include="C:\Program Files (x86)\Windows Kits\10\Include\10.0.22621.0\um\Unknwnbase.h">
      <Filter>Header Files</Filter>
    </ClInclude>
    <ClInclude Include="C:\Program Files (x86)\Windows Kits\10\Include\10.0.22621.0\um\urlmon.h">
      <Filter>Header Files</Filter>
    </ClInclude>
    <ClInclude Include="C:\Program Files (x86)\Windows Kits\10\Include\10.0.22621.0\um\utilapiset.h">
      <Filter>Header Files</Filter>
    </ClInclude>
    <ClInclude Include="C:\Program Files (x86)\Windows Kits\10\Include\10.0.22621.0\um\Uxtheme.h">
      <Filter>Header Files</Filter>
    </ClInclude>
    <ClInclude Include="..\..\..\..\..\VS\IDE\VC\Tools\MSVC\14.42.34433\include\vadefs.h">
      <Filter>Header Files</Filter>
    </ClInclude>
    <ClInclude Include="..\..\..\..\..\VS\IDE\VC\Tools\MSVC\14.42.34433\include\vcruntime.h">
      <Filter>Header Files</Filter>
    </ClInclude>
    <ClInclude Include="..\..\..\..\..\VS\IDE\VC\Tools\MSVC\14.42.34433\include\vcruntime_string.h">
      <Filter>Header Files</Filter>
    </ClInclude>
    <ClInclude Include="C:\Program Files (x86)\Windows Kits\10\Include\10.0.22621.0\um\verrsrc.h">
      <Filter>Header Files</Filter>
    </ClInclude>
    <ClInclude Include="C:\Program Files (x86)\Windows Kits\10\Include\10.0.22621.0\ucrt\wchar.h">
      <Filter>Header Files</Filter>
    </ClInclude>
    <ClInclude Include="C:\Program Files (x86)\Windows Kits\10\Include\10.0.22621.0\um\widemath.h">
      <Filter>Header Files</Filter>
    </ClInclude>
    <ClInclude Include="C:\Program Files (x86)\Windows Kits\10\Include\10.0.22621.0\shared\winapifamily.h">
      <Filter>Header Files</Filter>
    </ClInclude>
    <ClInclude Include="C:\Program Files (x86)\Windows Kits\10\Include\10.0.22621.0\um\WinBase.h">
      <Filter>Header Files</Filter>
    </ClInclude>
    <ClInclude Include="C:\Program Files (x86)\Windows Kits\10\Include\10.0.22621.0\um\wincon.h">
      <Filter>Header Files</Filter>
    </ClInclude>
    <ClInclude Include="C:\Program Files (x86)\Windows Kits\10\Include\10.0.22621.0\um\wincontypes.h">
      <Filter>Header Files</Filter>
    </ClInclude>
    <ClInclude Include="C:\Program Files (x86)\Windows Kits\10\Include\10.0.22621.0\um\wincrypt.h">
      <Filter>Header Files</Filter>
    </ClInclude>
    <ClInclude Include="C:\Program Files (x86)\Windows Kits\10\Include\10.0.22621.0\shared\windef.h">
      <Filter>Header Files</Filter>
    </ClInclude>
    <ClInclude Include="C:\Program Files (x86)\Windows Kits\10\Include\10.0.22621.0\um\Windows.h">
      <Filter>Header Files</Filter>
    </ClInclude>
    <ClInclude Include="C:\Program Files (x86)\Windows Kits\10\Include\10.0.22621.0\shared\windowsx.h">
      <Filter>Header Files</Filter>
    </ClInclude>
    <ClInclude Include="C:\Program Files (x86)\Windows Kits\10\Include\10.0.22621.0\um\winefs.h">
      <Filter>Header Files</Filter>
    </ClInclude>
    <ClInclude Include="C:\Program Files (x86)\Windows Kits\10\Include\10.0.22621.0\shared\winerror.h">
      <Filter>Header Files</Filter>
    </ClInclude>
    <ClInclude Include="C:\Program Files (x86)\Windows Kits\10\Include\10.0.22621.0\um\wingdi.h">
      <Filter>Header Files</Filter>
    </ClInclude>
    <ClInclude Include="C:\Program Files (x86)\Windows Kits\10\Include\10.0.22621.0\um\winioctl.h">
      <Filter>Header Files</Filter>
    </ClInclude>
    <ClInclude Include="C:\Program Files (x86)\Windows Kits\10\Include\10.0.22621.0\um\winnetwk.h">
      <Filter>Header Files</Filter>
    </ClInclude>
    <ClInclude Include="C:\Program Files (x86)\Windows Kits\10\Include\10.0.22621.0\um\WinNls.h">
      <Filter>Header Files</Filter>
    </ClInclude>
    <ClInclude Include="C:\Program Files (x86)\Windows Kits\10\Include\10.0.22621.0\um\winnt.h">
      <Filter>Header Files</Filter>
    </ClInclude>
    <ClInclude Include="C:\Program Files (x86)\Windows Kits\10\Include\10.0.22621.0\shared\winpackagefamily.h">
      <Filter>Header Files</Filter>
    </ClInclude>
    <ClInclude Include="C:\Program Files (x86)\Windows Kits\10\Include\10.0.22621.0\um\winperf.h">
      <Filter>Header Files</Filter>
    </ClInclude>
    <ClInclude Include="C:\Program Files (x86)\Windows Kits\10\Include\10.0.22621.0\um\winreg.h">
      <Filter>Header Files</Filter>
    </ClInclude>
    <ClInclude Include="C:\Program Files (x86)\Windows Kits\10\Include\10.0.22621.0\um\winresrc.h">
      <Filter>Header Files</Filter>
    </ClInclude>
    <ClInclude Include="C:\Program Files (x86)\Windows Kits\10\Include\10.0.22621.0\um\winscard.h">
      <Filter>Header Files</Filter>
    </ClInclude>
    <ClInclude Include="C:\Program Files (x86)\Windows Kits\10\Include\10.0.22621.0\shared\winsmcrd.h">
      <Filter>Header Files</Filter>
    </ClInclude>
    <ClInclude Include="C:\Program Files (x86)\Windows Kits\10\Include\10.0.22621.0\um\winsock.h">
      <Filter>Header Files</Filter>
    </ClInclude>
    <ClInclude Include="C:\Program Files (x86)\Windows Kits\10\Include\10.0.22621.0\um\winspool.h">
      <Filter>Header Files</Filter>
    </ClInclude>
    <ClInclude Include="C:\Program Files (x86)\Windows Kits\10\Include\10.0.22621.0\um\winsvc.h">
      <Filter>Header Files</Filter>
    </ClInclude>
    <ClInclude Include="C:\Program Files (x86)\Windows Kits\10\Include\10.0.22621.0\um\WinUser.h">
      <Filter>Header Files</Filter>
    </ClInclude>
    <ClInclude Include="C:\Program Files (x86)\Windows Kits\10\Include\10.0.22621.0\um\winver.h">
      <Filter>Header Files</Filter>
    </ClInclude>
    <ClInclude Include="..\..\..\..\..\VS\IDE\VC\Tools\MSVC\14.42.34433\include\wmmintrin.h">
      <Filter>Header Files</Filter>
    </ClInclude>
    <ClInclude Include="C:\Program Files (x86)\Windows Kits\10\Include\10.0.22621.0\shared\wnnc.h">
      <Filter>Header Files</Filter>
    </ClInclude>
    <ClInclude Include="C:\Program Files (x86)\Windows Kits\10\Include\10.0.22621.0\um\wow64apiset.h">
      <Filter>Header Files</Filter>
    </ClInclude>
    <ClInclude Include="C:\Program Files (x86)\Windows Kits\10\Include\10.0.22621.0\shared\wtypes.h">
      <Filter>Header Files</Filter>
    </ClInclude>
    <ClInclude Include="C:\Program Files (x86)\Windows Kits\10\Include\10.0.22621.0\shared\WTypesbase.h">
      <Filter>Header Files</Filter>
    </ClInclude>
    <ClInclude Include="C:\Program Files (x86)\Windows Kits\10\Include\10.0.22621.0\um\Xinput.h">
      <Filter>Header Files</Filter>
    </ClInclude>
    <ClInclude Include="..\..\..\..\..\VS\IDE\VC\Tools\MSVC\14.42.34433\include\xmmintrin.h">
      <Filter>Header Files</Filter>
    </ClInclude>
    <ClInclude Include="..\..\..\..\..\VS\IDE\VC\Tools\MSVC\14.42.34433\include\zmmintrin.h">
      <Filter>Header Files</Filter>
    </ClInclude>
    <ClInclude Include="imgui\imstb_rectpack.h">
      <Filter>Header Files</Filter>
    </ClInclude>
    <ClInclude Include="imgui\imstb_textedit.h">
      <Filter>Header Files</Filter>
    </ClInclude>
    <ClInclude Include="imgui\imstb_truetype.h">
      <Filter>Header Files</Filter>
    </ClInclude>
    <ClInclude Include="imgui\imconfig.h">
      <Filter>Resource Files</Filter>
    </ClInclude>
    <ClInclude Include="imgui\imgui.h">
      <Filter>Resource Files</Filter>
    </ClInclude>
    <ClInclude Include="imgui\imgui_internal.h">
      <Filter>Resource Files</Filter>
    </ClInclude>
    <ClInclude Include="backend\imgui_impl_dx10.h">
      <Filter>Source Files</Filter>
    </ClInclude>
    <ClInclude Include="backend\imgui_impl_win32.h">
      <Filter>Source Files</Filter>
    </ClInclude>
    <ClInclude Include="backend\D20_Name.h">
      <Filter>Source Files</Filter>
    </ClInclude>
    <ClInclude Include="backend\D20_Skills.h">
      <Filter>Source Files</Filter>
    </ClInclude>
    <ClInclude Include="backend\D20_Ability.h">
      <Filter>Source Files</Filter>
    </ClInclude>
    <ClInclude Include="backend\D20_HP.h">
      <Filter>Source Files</Filter>
    </ClInclude>
    <ClInclude Include="backend\D20_ACS.h">
      <Filter>Source Files</Filter>
    </ClInclude>
    <ClInclude Include="backend\D20_Def.h">
      <Filter>Source Files</Filter>
    </ClInclude>
    <ClInclude Include="backend\D20_Main.h">
      <Filter>Source Files</Filter>
    </ClInclude>
    <ClInclude Include="backend\D20_RNG.h">
      <Filter>Source Files</Filter>
    </ClInclude>
  </ItemGroup>
  <ItemGroup>
    <ClCompile Include="imgui\imgui.cpp">
      <Filter>Resource Files</Filter>
    </ClCompile>
    <ClCompile Include="imgui\imgui_demo.cpp">
      <Filter>Resource Files</Filter>
    </ClCompile>
    <ClCompile Include="imgui\imgui_draw.cpp">
      <Filter>Resource Files</Filter>
    </ClCompile>
    <ClCompile Include="imgui\imgui_tables.cpp">
      <Filter>Resource Files</Filter>
    </ClCompile>
    <ClCompile Include="imgui\imgui_widgets.cpp">
      <Filter>Resource Files</Filter>
    </ClCompile>
    <ClCompile Include="backend\imgui_impl_dx10.cpp">
      <Filter>Source Files</Filter>
    </ClCompile>
    <ClCompile Include="backend\imgui_impl_win32.cpp">
      <Filter>Source Files</Filter>
    </ClCompile>
    <ClCompile Include="backend\ex\main.cpp">
      <Filter>Source Files</Filter>
    </ClCompile>
  </ItemGroup>
  <ItemGroup>
    <None Include="C:\Program Files (x86)\Windows Kits\10\Include\10.0.22621.0\um\commctrl.inl">
      <Filter>Header Files</Filter>
    </None>
    <None Include="C:\Program Files (x86)\Windows Kits\10\Include\10.0.22621.0\um\commctrl.rh" />
    <None Include="C:\Program Files (x86)\Windows Kits\10\Include\10.0.22621.0\um\commdlg.inl">
      <Filter>Header Files</Filter>
    </None>
    <None Include="C:\Program Files (x86)\Windows Kits\10\Include\10.0.22621.0\um\dde.rh" />
    <None Include="C:\Program Files (x86)\Windows Kits\10\Include\10.0.22621.0\um\dpa_dsa.inl">
      <Filter>Header Files</Filter>
    </None>
    <None Include="C:\Program Files (x86)\Windows Kits\10\Include\10.0.22621.0\um\prsht.inl">
      <Filter>Header Files</Filter>
    </None>
    <None Include="C:\Program Files (x86)\Windows Kits\10\Include\10.0.22621.0\um\winbase.inl">
      <Filter>Header Files</Filter>
    </None>
    <None Include="C:\Program Files (x86)\Windows Kits\10\Include\10.0.22621.0\um\winnt.rh" />
    <None Include="C:\Program Files (x86)\Windows Kits\10\Include\10.0.22621.0\um\winuser.inl">
      <Filter>Header Files</Filter>
    </None>
    <None Include="C:\Program Files (x86)\Windows Kits\10\Include\10.0.22621.0\um\winuser.rh" />
    <None Include="imgui\imgui.gdb">
      <Filter>Resource Files</Filter>
    </None>
    <None Include="imgui\imgui.natstepfilter">
      <Filter>Resource Files</Filter>
    </None>
  </ItemGroup>
  <ItemGroup>
    <Natvis Include="imgui\imgui.natvis">
      <Filter>Resource Files</Filter>
    </Natvis>
  </ItemGroup>
</Project>